
Microsoft Visual Studio Solution File, Format Version 12.00
# Visual Studio Version 16
VisualStudioVersion = 16.0.31515.178
MinimumVisualStudioVersion = 10.0.40219.1
Project("{FAE04EC0-301F-11D3-BF4B-00C04F79EFBC}") = "InterviewTracker", "InterviewTracker.csproj", "{DD10AE5D-FEB6-43DC-A867-92D3F1950B5B}"
EndProject
Project("{FAE04EC0-301F-11D3-BF4B-00C04F79EFBC}") = "InterviewTracker.BusinessLayer", "..\InterviewTracker.BusinessLayer\InterviewTracker.BusinessLayer.csproj", "{CCBA9319-E11C-4C26-AD27-28203BC11AD0}"
EndProject
Project("{FAE04EC0-301F-11D3-BF4B-00C04F79EFBC}") = "InterviewTracker.DataLayer", "..\InterviewTracker.DataLayer\InterviewTracker.DataLayer.csproj", "{D0983C8A-8BC2-4265-95E0-2B05E724ED19}"
EndProject
Project("{FAE04EC0-301F-11D3-BF4B-00C04F79EFBC}") = "InterviewTracker.Entities", "..\InterviewTracker.Entities\InterviewTracker.Entities.csproj", "{E5775800-C37B-4C66-89D3-792B6DAD7DAE}"
EndProject
Project("{FAE04EC0-301F-11D3-BF4B-00C04F79EFBC}") = "InterviewTracker.Tests", "..\InterviewTracker.Tests\InterviewTracker.Tests.csproj", "{AEF82A52-FF02-4CF6-B2F7-F5B8E2C8FAD8}"
EndProject
Global
	GlobalSection(SolutionConfigurationPlatforms) = preSolution
		Debug|Any CPU = Debug|Any CPU
		Release|Any CPU = Release|Any CPU
	EndGlobalSection
	GlobalSection(ProjectConfigurationPlatforms) = postSolution
		{DD10AE5D-FEB6-43DC-A867-92D3F1950B5B}.Debug|Any CPU.ActiveCfg = Debug|Any CPU
		{DD10AE5D-FEB6-43DC-A867-92D3F1950B5B}.Debug|Any CPU.Build.0 = Debug|Any CPU
		{DD10AE5D-FEB6-43DC-A867-92D3F1950B5B}.Release|Any CPU.ActiveCfg = Release|Any CPU
		{DD10AE5D-FEB6-43DC-A867-92D3F1950B5B}.Release|Any CPU.Build.0 = Release|Any CPU
		{CCBA9319-E11C-4C26-AD27-28203BC11AD0}.Debug|Any CPU.ActiveCfg = Debug|Any CPU
		{CCBA9319-E11C-4C26-AD27-28203BC11AD0}.Debug|Any CPU.Build.0 = Debug|Any CPU
		{CCBA9319-E11C-4C26-AD27-28203BC11AD0}.Release|Any CPU.ActiveCfg = Release|Any CPU
		{CCBA9319-E11C-4C26-AD27-28203BC11AD0}.Release|Any CPU.Build.0 = Release|Any CPU
		{D0983C8A-8BC2-4265-95E0-2B05E724ED19}.Debug|Any CPU.ActiveCfg = Debug|Any CPU
		{D0983C8A-8BC2-4265-95E0-2B05E724ED19}.Debug|Any CPU.Build.0 = Debug|Any CPU
		{D0983C8A-8BC2-4265-95E0-2B05E724ED19}.Release|Any CPU.ActiveCfg = Release|Any CPU
		{D0983C8A-8BC2-4265-95E0-2B05E724ED19}.Release|Any CPU.Build.0 = Release|Any CPU
		{E5775800-C37B-4C66-89D3-792B6DAD7DAE}.Debug|Any CPU.ActiveCfg = Debug|Any CPU
		{E5775800-C37B-4C66-89D3-792B6DAD7DAE}.Debug|Any CPU.Build.0 = Debug|Any CPU
		{E5775800-C37B-4C66-89D3-792B6DAD7DAE}.Release|Any CPU.ActiveCfg = Release|Any CPU
		{E5775800-C37B-4C66-89D3-792B6DAD7DAE}.Release|Any CPU.Build.0 = Release|Any CPU
		{AEF82A52-FF02-4CF6-B2F7-F5B8E2C8FAD8}.Debug|Any CPU.ActiveCfg = Debug|Any CPU
		{AEF82A52-FF02-4CF6-B2F7-F5B8E2C8FAD8}.Debug|Any CPU.Build.0 = Debug|Any CPU
		{AEF82A52-FF02-4CF6-B2F7-F5B8E2C8FAD8}.Release|Any CPU.ActiveCfg = Release|Any CPU
		{AEF82A52-FF02-4CF6-B2F7-F5B8E2C8FAD8}.Release|Any CPU.Build.0 = Release|Any CPU
	EndGlobalSection
	GlobalSection(SolutionProperties) = preSolution
		HideSolutionNode = FALSE
	EndGlobalSection
	GlobalSection(ExtensibilityGlobals) = postSolution
		SolutionGuid = {FCDE74F3-5CFB-451A-A6DB-87A761839ADB}
	EndGlobalSection
EndGlobal
